
Microsoft Visual Studio Solution File, Format Version 12.00
# Visual Studio 2013
VisualStudioVersion = 12.0.21005.1
MinimumVisualStudioVersion = 10.0.40219.1
Project("{FAE04EC0-301F-11D3-BF4B-00C04F79EFBC}") = "01-DeclareVariables", "DeclareVariables\01-DeclareVariables.csproj", "{4E692464-4805-49FD-B8BA-A9B9C0337C3C}"
EndProject
Project("{FAE04EC0-301F-11D3-BF4B-00C04F79EFBC}") = "02-FloatOrDouble", "FloatOrDouble\02-FloatOrDouble.csproj", "{F738E0AF-9EA2-4275-A6EC-ECA6900D282C}"
EndProject
Project("{FAE04EC0-301F-11D3-BF4B-00C04F79EFBC}") = "03-VariableInHexadecimalFormat", "VariableInHexadecimalFormat\03-VariableInHexadecimalFormat.csproj", "{99BD8CED-F9B9-425F-AE35-8F2F7F744853}"
EndProject
Project("{FAE04EC0-301F-11D3-BF4B-00C04F79EFBC}") = "04-UnicodeCharacter", "UnicodeCharacter\04-UnicodeCharacter.csproj", "{271E8C67-E293-4255-A5DC-FF6B172F2E23}"
EndProject
Project("{FAE04EC0-301F-11D3-BF4B-00C04F79EFBC}") = "05-FemaleGenderCheck", "FemaleGenderCheck\05-FemaleGenderCheck.csproj", "{726F4B2A-C575-4409-BD99-142B7E47D3C7}"
EndProject
Project("{FAE04EC0-301F-11D3-BF4B-00C04F79EFBC}") = "06-StringsAndObjects", "StringsAndObjects\06-StringsAndObjects.csproj", "{CEA790A2-B4CB-4D51-8CA7-57C196BB5955}"
EndProject
Project("{FAE04EC0-301F-11D3-BF4B-00C04F79EFBC}") = "07-QuotesInStrings", "QuotesInStrings\07-QuotesInStrings.csproj", "{7CB1EB3C-5D4F-44DD-8359-ACCDBDCE9EFA}"
EndProject
Project("{FAE04EC0-301F-11D3-BF4B-00C04F79EFBC}") = "08-IsoscelesTriangle", "IsoscelesTriangle\08-IsoscelesTriangle.csproj", "{B8836077-5523-4D47-AF94-FC36D140DD5A}"
EndProject
Project("{FAE04EC0-301F-11D3-BF4B-00C04F79EFBC}") = "09-ExchangeVariableValues", "ExchangeVariableValues\09-ExchangeVariableValues.csproj", "{6E753B3A-E11C-4DEC-98B1-BE56A53978B5}"
EndProject
Project("{FAE04EC0-301F-11D3-BF4B-00C04F79EFBC}") = "10-EmployeeData", "EmployeeData\10-EmployeeData.csproj", "{026511B6-AAE8-4DBF-BB76-7C669F1C316E}"
EndProject
Project("{FAE04EC0-301F-11D3-BF4B-00C04F79EFBC}") = "11-BankAccountData", "BankAccountData\11-BankAccountData.csproj", "{FC4C10C7-34B0-43AD-B66B-A38243525117}"
EndProject
Project("{FAE04EC0-301F-11D3-BF4B-00C04F79EFBC}") = "12-NullValuesArithmetic", "NullValuesArithmetic\12-NullValuesArithmetic.csproj", "{47D460B2-7A3B-4AD9-A1B2-104F84638FBF}"
EndProject
Project("{FAE04EC0-301F-11D3-BF4B-00C04F79EFBC}") = "13-ComparingFloats", "ComparingFloats\13-ComparingFloats.csproj", "{AB2CD278-2961-4D34-BEC2-290B74AC7E5A}"
EndProject
Project("{FAE04EC0-301F-11D3-BF4B-00C04F79EFBC}") = "14-PrintASCIITable", "PrintASCIITable\14-PrintASCIITable.csproj", "{90C6FDE3-8DD4-40C2-AEB7-C8BD552264F9}"
EndProject
Global
	GlobalSection(SolutionConfigurationPlatforms) = preSolution
		Debug|Any CPU = Debug|Any CPU
		Release|Any CPU = Release|Any CPU
	EndGlobalSection
	GlobalSection(ProjectConfigurationPlatforms) = postSolution
		{4E692464-4805-49FD-B8BA-A9B9C0337C3C}.Debug|Any CPU.ActiveCfg = Debug|Any CPU
		{4E692464-4805-49FD-B8BA-A9B9C0337C3C}.Debug|Any CPU.Build.0 = Debug|Any CPU
		{4E692464-4805-49FD-B8BA-A9B9C0337C3C}.Release|Any CPU.ActiveCfg = Release|Any CPU
		{4E692464-4805-49FD-B8BA-A9B9C0337C3C}.Release|Any CPU.Build.0 = Release|Any CPU
		{F738E0AF-9EA2-4275-A6EC-ECA6900D282C}.Debug|Any CPU.ActiveCfg = Debug|Any CPU
		{F738E0AF-9EA2-4275-A6EC-ECA6900D282C}.Debug|Any CPU.Build.0 = Debug|Any CPU
		{F738E0AF-9EA2-4275-A6EC-ECA6900D282C}.Release|Any CPU.ActiveCfg = Release|Any CPU
		{F738E0AF-9EA2-4275-A6EC-ECA6900D282C}.Release|Any CPU.Build.0 = Release|Any CPU
		{99BD8CED-F9B9-425F-AE35-8F2F7F744853}.Debug|Any CPU.ActiveCfg = Debug|Any CPU
		{99BD8CED-F9B9-425F-AE35-8F2F7F744853}.Debug|Any CPU.Build.0 = Debug|Any CPU
		{99BD8CED-F9B9-425F-AE35-8F2F7F744853}.Release|Any CPU.ActiveCfg = Release|Any CPU
		{99BD8CED-F9B9-425F-AE35-8F2F7F744853}.Release|Any CPU.Build.0 = Release|Any CPU
		{271E8C67-E293-4255-A5DC-FF6B172F2E23}.Debug|Any CPU.ActiveCfg = Debug|Any CPU
		{271E8C67-E293-4255-A5DC-FF6B172F2E23}.Debug|Any CPU.Build.0 = Debug|Any CPU
		{271E8C67-E293-4255-A5DC-FF6B172F2E23}.Release|Any CPU.ActiveCfg = Release|Any CPU
		{271E8C67-E293-4255-A5DC-FF6B172F2E23}.Release|Any CPU.Build.0 = Release|Any CPU
		{726F4B2A-C575-4409-BD99-142B7E47D3C7}.Debug|Any CPU.ActiveCfg = Debug|Any CPU
		{726F4B2A-C575-4409-BD99-142B7E47D3C7}.Debug|Any CPU.Build.0 = Debug|Any CPU
		{726F4B2A-C575-4409-BD99-142B7E47D3C7}.Release|Any CPU.ActiveCfg = Release|Any CPU
		{726F4B2A-C575-4409-BD99-142B7E47D3C7}.Release|Any CPU.Build.0 = Release|Any CPU
		{CEA790A2-B4CB-4D51-8CA7-57C196BB5955}.Debug|Any CPU.ActiveCfg = Debug|Any CPU
		{CEA790A2-B4CB-4D51-8CA7-57C196BB5955}.Debug|Any CPU.Build.0 = Debug|Any CPU
		{CEA790A2-B4CB-4D51-8CA7-57C196BB5955}.Release|Any CPU.ActiveCfg = Release|Any CPU
		{CEA790A2-B4CB-4D51-8CA7-57C196BB5955}.Release|Any CPU.Build.0 = Release|Any CPU
		{7CB1EB3C-5D4F-44DD-8359-ACCDBDCE9EFA}.Debug|Any CPU.ActiveCfg = Debug|Any CPU
		{7CB1EB3C-5D4F-44DD-8359-ACCDBDCE9EFA}.Debug|Any CPU.Build.0 = Debug|Any CPU
		{7CB1EB3C-5D4F-44DD-8359-ACCDBDCE9EFA}.Release|Any CPU.ActiveCfg = Release|Any CPU
		{7CB1EB3C-5D4F-44DD-8359-ACCDBDCE9EFA}.Release|Any CPU.Build.0 = Release|Any CPU
		{B8836077-5523-4D47-AF94-FC36D140DD5A}.Debug|Any CPU.ActiveCfg = Debug|Any CPU
		{B8836077-5523-4D47-AF94-FC36D140DD5A}.Debug|Any CPU.Build.0 = Debug|Any CPU
		{B8836077-5523-4D47-AF94-FC36D140DD5A}.Release|Any CPU.ActiveCfg = Release|Any CPU
		{B8836077-5523-4D47-AF94-FC36D140DD5A}.Release|Any CPU.Build.0 = Release|Any CPU
		{6E753B3A-E11C-4DEC-98B1-BE56A53978B5}.Debug|Any CPU.ActiveCfg = Debug|Any CPU
		{6E753B3A-E11C-4DEC-98B1-BE56A53978B5}.Debug|Any CPU.Build.0 = Debug|Any CPU
		{6E753B3A-E11C-4DEC-98B1-BE56A53978B5}.Release|Any CPU.ActiveCfg = Release|Any CPU
		{6E753B3A-E11C-4DEC-98B1-BE56A53978B5}.Release|Any CPU.Build.0 = Release|Any CPU
		{026511B6-AAE8-4DBF-BB76-7C669F1C316E}.Debug|Any CPU.ActiveCfg = Debug|Any CPU
		{026511B6-AAE8-4DBF-BB76-7C669F1C316E}.Debug|Any CPU.Build.0 = Debug|Any CPU
		{026511B6-AAE8-4DBF-BB76-7C669F1C316E}.Release|Any CPU.ActiveCfg = Release|Any CPU
		{026511B6-AAE8-4DBF-BB76-7C669F1C316E}.Release|Any CPU.Build.0 = Release|Any CPU
		{FC4C10C7-34B0-43AD-B66B-A38243525117}.Debug|Any CPU.ActiveCfg = Debug|Any CPU
		{FC4C10C7-34B0-43AD-B66B-A38243525117}.Debug|Any CPU.Build.0 = Debug|Any CPU
		{FC4C10C7-34B0-43AD-B66B-A38243525117}.Release|Any CPU.ActiveCfg = Release|Any CPU
		{FC4C10C7-34B0-43AD-B66B-A38243525117}.Release|Any CPU.Build.0 = Release|Any CPU
		{47D460B2-7A3B-4AD9-A1B2-104F84638FBF}.Debug|Any CPU.ActiveCfg = Debug|Any CPU
		{47D460B2-7A3B-4AD9-A1B2-104F84638FBF}.Debug|Any CPU.Build.0 = Debug|Any CPU
		{47D460B2-7A3B-4AD9-A1B2-104F84638FBF}.Release|Any CPU.ActiveCfg = Release|Any CPU
		{47D460B2-7A3B-4AD9-A1B2-104F84638FBF}.Release|Any CPU.Build.0 = Release|Any CPU
		{AB2CD278-2961-4D34-BEC2-290B74AC7E5A}.Debug|Any CPU.ActiveCfg = Debug|Any CPU
		{AB2CD278-2961-4D34-BEC2-290B74AC7E5A}.Debug|Any CPU.Build.0 = Debug|Any CPU
		{AB2CD278-2961-4D34-BEC2-290B74AC7E5A}.Release|Any CPU.ActiveCfg = Release|Any CPU
		{AB2CD278-2961-4D34-BEC2-290B74AC7E5A}.Release|Any CPU.Build.0 = Release|Any CPU
		{90C6FDE3-8DD4-40C2-AEB7-C8BD552264F9}.Debug|Any CPU.ActiveCfg = Debug|Any CPU
		{90C6FDE3-8DD4-40C2-AEB7-C8BD552264F9}.Debug|Any CPU.Build.0 = Debug|Any CPU
		{90C6FDE3-8DD4-40C2-AEB7-C8BD552264F9}.Release|Any CPU.ActiveCfg = Release|Any CPU
		{90C6FDE3-8DD4-40C2-AEB7-C8BD552264F9}.Release|Any CPU.Build.0 = Release|Any CPU
	EndGlobalSection
	GlobalSection(SolutionProperties) = preSolution
		HideSolutionNode = FALSE
	EndGlobalSection
EndGlobal
